PODS:
  - MMMArrayChanges/ObjC (0.4.4)
  - MMMArrayChanges/Swift (0.4.4)
  - MMMArrayChanges/TestsSwift (0.4.4)

DEPENDENCIES:
  - MMMArrayChanges/ObjC (from `../`)
  - MMMArrayChanges/Swift (from `../`)
  - MMMArrayChanges/TestsSwift (from `../`)

EXTERNAL SOURCES:
  MMMArrayChanges:
    :path: "../"

SPEC CHECKSUMS:
  MMMArrayChanges: 893da6622349134144fdd07f7690188cddd72fde

PODFILE CHECKSUM: c6955bc9033cd07b06ef2a49f5388d04bb56ed5f

COCOAPODS: 1.9.1
